
Microsoft Visual Studio Solution File, Format Version 12.00
# Visual Studio Version 16
VisualStudioVersion = 16.0.29215.179
MinimumVisualStudioVersion = 10.0.40219.1
Project("{FAE04EC0-301F-11D3-BF4B-00C04F79EFBC}") = "Metoderuppgfit3", "Metoderuppgfit3\Metoderuppgfit3.csproj", "{E8C7FA9C-6A61-4DC1-AE2A-DFF6030084D3}"
EndProject
Global
	GlobalSection(SolutionConfigurationPlatforms) = preSolution
		Debug|Any CPU = Debug|Any CPU
		Release|Any CPU = Release|Any CPU
	EndGlobalSection
	GlobalSection(ProjectConfigurationPlatforms) = postSolution
		{E8C7FA9C-6A61-4DC1-AE2A-DFF6030084D3}.Debug|Any CPU.ActiveCfg = Debug|Any CPU
		{E8C7FA9C-6A61-4DC1-AE2A-DFF6030084D3}.Debug|Any CPU.Build.0 = Debug|Any CPU
		{E8C7FA9C-6A61-4DC1-AE2A-DFF6030084D3}.Release|Any CPU.ActiveCfg = Release|Any CPU
		{E8C7FA9C-6A61-4DC1-AE2A-DFF6030084D3}.Release|Any CPU.Build.0 = Release|Any CPU
	EndGlobalSection
	GlobalSection(SolutionProperties) = preSolution
		HideSolutionNode = FALSE
	EndGlobalSection
	GlobalSection(ExtensibilityGlobals) = postSolution
		SolutionGuid = {0D180161-89D9-4E80-B0B1-4C622F4F193D}
	EndGlobalSection
EndGlobal
